
Microsoft Visual Studio Solution File, Format Version 12.00
# Visual Studio 15
VisualStudioVersion = 15.0.28307.852
MinimumVisualStudioVersion = 10.0.40219.1
Project("{FAE04EC0-301F-11D3-BF4B-00C04F79EFBC}") = "CheckForRecursion", "CheckForRecursion\CheckForRecursion.csproj", "{4BB174C4-19B6-479F-9FC7-3DEC4AAD8581}"
EndProject
Global
	GlobalSection(SolutionConfigurationPlatforms) = preSolution
		Debug|Any CPU = Debug|Any CPU
		Release|Any CPU = Release|Any CPU
	EndGlobalSection
	GlobalSection(ProjectConfigurationPlatforms) = postSolution
		{4BB174C4-19B6-479F-9FC7-3DEC4AAD8581}.Debug|Any CPU.ActiveCfg = Debug|Any CPU
		{4BB174C4-19B6-479F-9FC7-3DEC4AAD8581}.Debug|Any CPU.Build.0 = Debug|Any CPU
		{4BB174C4-19B6-479F-9FC7-3DEC4AAD8581}.Release|Any CPU.ActiveCfg = Release|Any CPU
		{4BB174C4-19B6-479F-9FC7-3DEC4AAD8581}.Release|Any CPU.Build.0 = Release|Any CPU
	EndGlobalSection
	GlobalSection(SolutionProperties) = preSolution
		HideSolutionNode = FALSE
	EndGlobalSection
	GlobalSection(ExtensibilityGlobals) = postSolution
		SolutionGuid = {A0CC13E1-91AD-4EB7-B925-4962A6712098}
	EndGlobalSection
EndGlobal
